Microsoft Visual Studio Solution File, Format Version 12.00
# Visual Studio 15
Project("{2150E333-8FDC-42A3-9474-1A3956D46DE8}") = "3rd-party", "3rd-party", "{EE6E9EDF-266A-3FF5-B320-493E2B7C698F}"
EndProject
Project("{2150E333-8FDC-42A3-9474-1A3956D46DE8}") = "CMakePredefinedTargets", "CMakePredefinedTargets", "{D6CF66CD-759A-3B7A-AA2A-CAFAD1C9CAAA}"
EndProject
Project("{2150E333-8FDC-42A3-9474-1A3956D46DE8}") = "engine", "engine", "{DD65A105-DFA1-350F-A71C-E43109A6B7B9}"
EndProject
Project("{8BC9CEB8-8B4A-11D0-8D11-00A0C91BC942}") = "ALL_BUILD", "ALL_BUILD.vcxproj", "{6ADF8C3D-2E75-3604-AB5B-D0981095124E}"
	ProjectSection(ProjectDependencies) = postProject
		{EF8DA05E-911F-3D8C-8BD2-B802AEE27239} = {EF8DA05E-911F-3D8C-8BD2-B802AEE27239}
		{23505B9A-700C-3144-9E2B-AA3801B176DF} = {23505B9A-700C-3144-9E2B-AA3801B176DF}
	EndProjectSection
EndProject
Project("{8BC9CEB8-8B4A-11D0-8D11-00A0C91BC942}") = "ZERO_CHECK", "..\..\..\\ZERO_CHECK.vcxproj", "{EF8DA05E-911F-3D8C-8BD2-B802AEE27239}"
	ProjectSection(ProjectDependencies) = postProject
	EndProjectSection
EndProject
Project("{8BC9CEB8-8B4A-11D0-8D11-00A0C91BC942}") = "dxerr2015", "..\..\3rd-party\dxerr2015\dxerr2015.vcxproj", "{4A5D0240-67B7-3D48-8580-8E5DB2FDD0CC}"
	ProjectSection(ProjectDependencies) = postProject
		{EF8DA05E-911F-3D8C-8BD2-B802AEE27239} = {EF8DA05E-911F-3D8C-8BD2-B802AEE27239}
	EndProjectSection
EndProject
Project("{8BC9CEB8-8B4A-11D0-8D11-00A0C91BC942}") = "libogg", "..\..\3rd-party\libogg\libogg.vcxproj", "{C92FF9AF-54A6-3BE9-9298-6A0F8BEE136E}"
	ProjectSection(ProjectDependencies) = postProject
		{EF8DA05E-911F-3D8C-8BD2-B802AEE27239} = {EF8DA05E-911F-3D8C-8BD2-B802AEE27239}
	EndProjectSection
EndProject
Project("{8BC9CEB8-8B4A-11D0-8D11-00A0C91BC942}") = "libtheora", "..\..\3rd-party\libtheora\libtheora.vcxproj", "{45A87243-541D-34CF-AC9F-EC4087839E7C}"
	ProjectSection(ProjectDependencies) = postProject
		{EF8DA05E-911F-3D8C-8BD2-B802AEE27239} = {EF8DA05E-911F-3D8C-8BD2-B802AEE27239}
		{C92FF9AF-54A6-3BE9-9298-6A0F8BEE136E} = {C92FF9AF-54A6-3BE9-9298-6A0F8BEE136E}
	EndProjectSection
EndProject
Project("{8BC9CEB8-8B4A-11D0-8D11-00A0C91BC942}") = "libvorbis", "..\..\3rd-party\libvorbis\libvorbis.vcxproj", "{85AC1446-5A17-3A9E-BC49-FE0A2219BAA6}"
	ProjectSection(ProjectDependencies) = postProject
		{EF8DA05E-911F-3D8C-8BD2-B802AEE27239} = {EF8DA05E-911F-3D8C-8BD2-B802AEE27239}
		{C92FF9AF-54A6-3BE9-9298-6A0F8BEE136E} = {C92FF9AF-54A6-3BE9-9298-6A0F8BEE136E}
	EndProjectSection
EndProject
Project("{8BC9CEB8-8B4A-11D0-8D11-00A0C91BC942}") = "libvorbisfile", "..\..\3rd-party\libvorbisfile\libvorbisfile.vcxproj", "{8F07A5B9-FB81-3122-9747-5EA1410DF3FA}"
	ProjectSection(ProjectDependencies) = postProject
		{EF8DA05E-911F-3D8C-8BD2-B802AEE27239} = {EF8DA05E-911F-3D8C-8BD2-B802AEE27239}
		{C92FF9AF-54A6-3BE9-9298-6A0F8BEE136E} = {C92FF9AF-54A6-3BE9-9298-6A0F8BEE136E}
		{85AC1446-5A17-3A9E-BC49-FE0A2219BAA6} = {85AC1446-5A17-3A9E-BC49-FE0A2219BAA6}
	EndProjectSection
EndProject
Project("{8BC9CEB8-8B4A-11D0-8D11-00A0C91BC942}") = "luabind", "..\..\3rd-party\luabind\luabind.vcxproj", "{E9810857-F539-3069-9EBD-12FDBF158F08}"
	ProjectSection(ProjectDependencies) = postProject
		{EF8DA05E-911F-3D8C-8BD2-B802AEE27239} = {EF8DA05E-911F-3D8C-8BD2-B802AEE27239}
		{45B327E0-C52A-3437-AAB9-9EA6D6FA72F4} = {45B327E0-C52A-3437-AAB9-9EA6D6FA72F4}
	EndProjectSection
EndProject
Project("{8BC9CEB8-8B4A-11D0-8D11-00A0C91BC942}") = "luajit-build", "..\..\3rd-party\luajit\luajit-build.vcxproj", "{45B327E0-C52A-3437-AAB9-9EA6D6FA72F4}"
	ProjectSection(ProjectDependencies) = postProject
		{EF8DA05E-911F-3D8C-8BD2-B802AEE27239} = {EF8DA05E-911F-3D8C-8BD2-B802AEE27239}
	EndProjectSection
EndProject
Project("{8BC9CEB8-8B4A-11D0-8D11-00A0C91BC942}") = "openal32", "..\..\3rd-party\openal\openal32.vcxproj", "{BA51158F-7A5B-3CA7-BF6D-2216928C696D}"
	ProjectSection(ProjectDependencies) = postProject
		{EF8DA05E-911F-3D8C-8BD2-B802AEE27239} = {EF8DA05E-911F-3D8C-8BD2-B802AEE27239}
	EndProjectSection
EndProject
Project("{8BC9CEB8-8B4A-11D0-8D11-00A0C91BC942}") = "xrAPI", "..\xrAPI\xrAPI.vcxproj", "{39C14EE6-45AC-3955-AB5C-FFF77039F4A7}"
	ProjectSection(ProjectDependencies) = postProject
		{EF8DA05E-911F-3D8C-8BD2-B802AEE27239} = {EF8DA05E-911F-3D8C-8BD2-B802AEE27239}
	EndProjectSection
EndProject
Project("{8BC9CEB8-8B4A-11D0-8D11-00A0C91BC942}") = "xrCDB", "..\xrCDB\xrCDB.vcxproj", "{0F9F58D4-3CAF-3655-87A4-14691B6117CB}"
	ProjectSection(ProjectDependencies) = postProject
		{EF8DA05E-911F-3D8C-8BD2-B802AEE27239} = {EF8DA05E-911F-3D8C-8BD2-B802AEE27239}
		{4A5D0240-67B7-3D48-8580-8E5DB2FDD0CC} = {4A5D0240-67B7-3D48-8580-8E5DB2FDD0CC}
		{39C14EE6-45AC-3955-AB5C-FFF77039F4A7} = {39C14EE6-45AC-3955-AB5C-FFF77039F4A7}
		{042014C9-99DC-3407-8846-089F7A9AB106} = {042014C9-99DC-3407-8846-089F7A9AB106}
	EndProjectSection
EndProject
Project("{8BC9CEB8-8B4A-11D0-8D11-00A0C91BC942}") = "xrCPU_Pipe", "..\xrCPU_Pipe\xrCPU_Pipe.vcxproj", "{0AC491E8-A7E5-37BF-B222-1E527CE3C0B0}"
	ProjectSection(ProjectDependencies) = postProject
		{EF8DA05E-911F-3D8C-8BD2-B802AEE27239} = {EF8DA05E-911F-3D8C-8BD2-B802AEE27239}
		{4A5D0240-67B7-3D48-8580-8E5DB2FDD0CC} = {4A5D0240-67B7-3D48-8580-8E5DB2FDD0CC}
		{042014C9-99DC-3407-8846-089F7A9AB106} = {042014C9-99DC-3407-8846-089F7A9AB106}
	EndProjectSection
EndProject
Project("{8BC9CEB8-8B4A-11D0-8D11-00A0C91BC942}") = "xrCore", "..\xrCore\xrCore.vcxproj", "{042014C9-99DC-3407-8846-089F7A9AB106}"
	ProjectSection(ProjectDependencies) = postProject
		{EF8DA05E-911F-3D8C-8BD2-B802AEE27239} = {EF8DA05E-911F-3D8C-8BD2-B802AEE27239}
		{4A5D0240-67B7-3D48-8580-8E5DB2FDD0CC} = {4A5D0240-67B7-3D48-8580-8E5DB2FDD0CC}
	EndProjectSection
EndProject
Project("{8BC9CEB8-8B4A-11D0-8D11-00A0C91BC942}") = "xrEngine", "..\xrEngine\xrEngine.vcxproj", "{0ADC2E61-7ABD-3D04-A2E3-C6F0E9FF968F}"
	ProjectSection(ProjectDependencies) = postProject
		{EF8DA05E-911F-3D8C-8BD2-B802AEE27239} = {EF8DA05E-911F-3D8C-8BD2-B802AEE27239}
		{4A5D0240-67B7-3D48-8580-8E5DB2FDD0CC} = {4A5D0240-67B7-3D48-8580-8E5DB2FDD0CC}
		{C92FF9AF-54A6-3BE9-9298-6A0F8BEE136E} = {C92FF9AF-54A6-3BE9-9298-6A0F8BEE136E}
		{45A87243-541D-34CF-AC9F-EC4087839E7C} = {45A87243-541D-34CF-AC9F-EC4087839E7C}
		{85AC1446-5A17-3A9E-BC49-FE0A2219BAA6} = {85AC1446-5A17-3A9E-BC49-FE0A2219BAA6}
		{8F07A5B9-FB81-3122-9747-5EA1410DF3FA} = {8F07A5B9-FB81-3122-9747-5EA1410DF3FA}
		{E9810857-F539-3069-9EBD-12FDBF158F08} = {E9810857-F539-3069-9EBD-12FDBF158F08}
		{45B327E0-C52A-3437-AAB9-9EA6D6FA72F4} = {45B327E0-C52A-3437-AAB9-9EA6D6FA72F4}
		{BA51158F-7A5B-3CA7-BF6D-2216928C696D} = {BA51158F-7A5B-3CA7-BF6D-2216928C696D}
		{39C14EE6-45AC-3955-AB5C-FFF77039F4A7} = {39C14EE6-45AC-3955-AB5C-FFF77039F4A7}
		{0F9F58D4-3CAF-3655-87A4-14691B6117CB} = {0F9F58D4-3CAF-3655-87A4-14691B6117CB}
		{042014C9-99DC-3407-8846-089F7A9AB106} = {042014C9-99DC-3407-8846-089F7A9AB106}
		{C7FDBC8A-E5A0-342A-A337-B94EDFDDD16B} = {C7FDBC8A-E5A0-342A-A337-B94EDFDDD16B}
		{E5ABB1E3-F287-3EBF-9D50-94D8961EFB62} = {E5ABB1E3-F287-3EBF-9D50-94D8961EFB62}
	EndProjectSection
EndProject
Project("{8BC9CEB8-8B4A-11D0-8D11-00A0C91BC942}") = "xrNetServer", "..\xrNetServer\xrNetServer.vcxproj", "{C7FDBC8A-E5A0-342A-A337-B94EDFDDD16B}"
	ProjectSection(ProjectDependencies) = postProject
		{EF8DA05E-911F-3D8C-8BD2-B802AEE27239} = {EF8DA05E-911F-3D8C-8BD2-B802AEE27239}
		{4A5D0240-67B7-3D48-8580-8E5DB2FDD0CC} = {4A5D0240-67B7-3D48-8580-8E5DB2FDD0CC}
		{042014C9-99DC-3407-8846-089F7A9AB106} = {042014C9-99DC-3407-8846-089F7A9AB106}
	EndProjectSection
EndProject
Project("{8BC9CEB8-8B4A-11D0-8D11-00A0C91BC942}") = "xrParticles", "..\xrParticles\xrParticles.vcxproj", "{CF71FE72-8554-3090-BDE9-0563AEFB5C19}"
	ProjectSection(ProjectDependencies) = postProject
		{EF8DA05E-911F-3D8C-8BD2-B802AEE27239} = {EF8DA05E-911F-3D8C-8BD2-B802AEE27239}
		{4A5D0240-67B7-3D48-8580-8E5DB2FDD0CC} = {4A5D0240-67B7-3D48-8580-8E5DB2FDD0CC}
		{0AC491E8-A7E5-37BF-B222-1E527CE3C0B0} = {0AC491E8-A7E5-37BF-B222-1E527CE3C0B0}
		{042014C9-99DC-3407-8846-089F7A9AB106} = {042014C9-99DC-3407-8846-089F7A9AB106}
	EndProjectSection
EndProject
Project("{8BC9CEB8-8B4A-11D0-8D11-00A0C91BC942}") = "xrRender_R4", "xrRender_R4.vcxproj", "{23505B9A-700C-3144-9E2B-AA3801B176DF}"
	ProjectSection(ProjectDependencies) = postProject
		{EF8DA05E-911F-3D8C-8BD2-B802AEE27239} = {EF8DA05E-911F-3D8C-8BD2-B802AEE27239}
		{4A5D0240-67B7-3D48-8580-8E5DB2FDD0CC} = {4A5D0240-67B7-3D48-8580-8E5DB2FDD0CC}
		{C92FF9AF-54A6-3BE9-9298-6A0F8BEE136E} = {C92FF9AF-54A6-3BE9-9298-6A0F8BEE136E}
		{45A87243-541D-34CF-AC9F-EC4087839E7C} = {45A87243-541D-34CF-AC9F-EC4087839E7C}
		{85AC1446-5A17-3A9E-BC49-FE0A2219BAA6} = {85AC1446-5A17-3A9E-BC49-FE0A2219BAA6}
		{8F07A5B9-FB81-3122-9747-5EA1410DF3FA} = {8F07A5B9-FB81-3122-9747-5EA1410DF3FA}
		{E9810857-F539-3069-9EBD-12FDBF158F08} = {E9810857-F539-3069-9EBD-12FDBF158F08}
		{45B327E0-C52A-3437-AAB9-9EA6D6FA72F4} = {45B327E0-C52A-3437-AAB9-9EA6D6FA72F4}
		{BA51158F-7A5B-3CA7-BF6D-2216928C696D} = {BA51158F-7A5B-3CA7-BF6D-2216928C696D}
		{39C14EE6-45AC-3955-AB5C-FFF77039F4A7} = {39C14EE6-45AC-3955-AB5C-FFF77039F4A7}
		{0F9F58D4-3CAF-3655-87A4-14691B6117CB} = {0F9F58D4-3CAF-3655-87A4-14691B6117CB}
		{0AC491E8-A7E5-37BF-B222-1E527CE3C0B0} = {0AC491E8-A7E5-37BF-B222-1E527CE3C0B0}
		{042014C9-99DC-3407-8846-089F7A9AB106} = {042014C9-99DC-3407-8846-089F7A9AB106}
		{0ADC2E61-7ABD-3D04-A2E3-C6F0E9FF968F} = {0ADC2E61-7ABD-3D04-A2E3-C6F0E9FF968F}
		{C7FDBC8A-E5A0-342A-A337-B94EDFDDD16B} = {C7FDBC8A-E5A0-342A-A337-B94EDFDDD16B}
		{CF71FE72-8554-3090-BDE9-0563AEFB5C19} = {CF71FE72-8554-3090-BDE9-0563AEFB5C19}
		{E5ABB1E3-F287-3EBF-9D50-94D8961EFB62} = {E5ABB1E3-F287-3EBF-9D50-94D8961EFB62}
	EndProjectSection
EndProject
Project("{8BC9CEB8-8B4A-11D0-8D11-00A0C91BC942}") = "xrSound", "..\xrSound\xrSound.vcxproj", "{E5ABB1E3-F287-3EBF-9D50-94D8961EFB62}"
	ProjectSection(ProjectDependencies) = postProject
		{EF8DA05E-911F-3D8C-8BD2-B802AEE27239} = {EF8DA05E-911F-3D8C-8BD2-B802AEE27239}
		{4A5D0240-67B7-3D48-8580-8E5DB2FDD0CC} = {4A5D0240-67B7-3D48-8580-8E5DB2FDD0CC}
		{C92FF9AF-54A6-3BE9-9298-6A0F8BEE136E} = {C92FF9AF-54A6-3BE9-9298-6A0F8BEE136E}
		{85AC1446-5A17-3A9E-BC49-FE0A2219BAA6} = {85AC1446-5A17-3A9E-BC49-FE0A2219BAA6}
		{8F07A5B9-FB81-3122-9747-5EA1410DF3FA} = {8F07A5B9-FB81-3122-9747-5EA1410DF3FA}
		{BA51158F-7A5B-3CA7-BF6D-2216928C696D} = {BA51158F-7A5B-3CA7-BF6D-2216928C696D}
		{39C14EE6-45AC-3955-AB5C-FFF77039F4A7} = {39C14EE6-45AC-3955-AB5C-FFF77039F4A7}
		{0F9F58D4-3CAF-3655-87A4-14691B6117CB} = {0F9F58D4-3CAF-3655-87A4-14691B6117CB}
		{042014C9-99DC-3407-8846-089F7A9AB106} = {042014C9-99DC-3407-8846-089F7A9AB106}
	EndProjectSection
EndProject
Global
	GlobalSection(SolutionConfigurationPlatforms) = preSolution
		Debug|Win32 = Debug|Win32
		RelWithDebInfo|Win32 = RelWithDebInfo|Win32
	EndGlobalSection
	GlobalSection(ProjectConfigurationPlatforms) = postSolution
		{6ADF8C3D-2E75-3604-AB5B-D0981095124E}.Debug|Win32.ActiveCfg = Debug|Win32
		{6ADF8C3D-2E75-3604-AB5B-D0981095124E}.RelWithDebInfo|Win32.ActiveCfg = RelWithDebInfo|Win32
		{EF8DA05E-911F-3D8C-8BD2-B802AEE27239}.Debug|Win32.ActiveCfg = Debug|Win32
		{EF8DA05E-911F-3D8C-8BD2-B802AEE27239}.Debug|Win32.Build.0 = Debug|Win32
		{EF8DA05E-911F-3D8C-8BD2-B802AEE27239}.RelWithDebInfo|Win32.ActiveCfg = RelWithDebInfo|Win32
		{EF8DA05E-911F-3D8C-8BD2-B802AEE27239}.RelWithDebInfo|Win32.Build.0 = RelWithDebInfo|Win32
		{4A5D0240-67B7-3D48-8580-8E5DB2FDD0CC}.Debug|Win32.ActiveCfg = Debug|Win32
		{4A5D0240-67B7-3D48-8580-8E5DB2FDD0CC}.Debug|Win32.Build.0 = Debug|Win32
		{4A5D0240-67B7-3D48-8580-8E5DB2FDD0CC}.RelWithDebInfo|Win32.ActiveCfg = RelWithDebInfo|Win32
		{4A5D0240-67B7-3D48-8580-8E5DB2FDD0CC}.RelWithDebInfo|Win32.Build.0 = RelWithDebInfo|Win32
		{C92FF9AF-54A6-3BE9-9298-6A0F8BEE136E}.Debug|Win32.ActiveCfg = Debug|Win32
		{C92FF9AF-54A6-3BE9-9298-6A0F8BEE136E}.Debug|Win32.Build.0 = Debug|Win32
		{C92FF9AF-54A6-3BE9-9298-6A0F8BEE136E}.RelWithDebInfo|Win32.ActiveCfg = RelWithDebInfo|Win32
		{C92FF9AF-54A6-3BE9-9298-6A0F8BEE136E}.RelWithDebInfo|Win32.Build.0 = RelWithDebInfo|Win32
		{45A87243-541D-34CF-AC9F-EC4087839E7C}.Debug|Win32.ActiveCfg = Debug|Win32
		{45A87243-541D-34CF-AC9F-EC4087839E7C}.Debug|Win32.Build.0 = Debug|Win32
		{45A87243-541D-34CF-AC9F-EC4087839E7C}.RelWithDebInfo|Win32.ActiveCfg = RelWithDebInfo|Win32
		{45A87243-541D-34CF-AC9F-EC4087839E7C}.RelWithDebInfo|Win32.Build.0 = RelWithDebInfo|Win32
		{85AC1446-5A17-3A9E-BC49-FE0A2219BAA6}.Debug|Win32.ActiveCfg = Debug|Win32
		{85AC1446-5A17-3A9E-BC49-FE0A2219BAA6}.Debug|Win32.Build.0 = Debug|Win32
		{85AC1446-5A17-3A9E-BC49-FE0A2219BAA6}.RelWithDebInfo|Win32.ActiveCfg = RelWithDebInfo|Win32
		{85AC1446-5A17-3A9E-BC49-FE0A2219BAA6}.RelWithDebInfo|Win32.Build.0 = RelWithDebInfo|Win32
		{8F07A5B9-FB81-3122-9747-5EA1410DF3FA}.Debug|Win32.ActiveCfg = Debug|Win32
		{8F07A5B9-FB81-3122-9747-5EA1410DF3FA}.Debug|Win32.Build.0 = Debug|Win32
		{8F07A5B9-FB81-3122-9747-5EA1410DF3FA}.RelWithDebInfo|Win32.ActiveCfg = RelWithDebInfo|Win32
		{8F07A5B9-FB81-3122-9747-5EA1410DF3FA}.RelWithDebInfo|Win32.Build.0 = RelWithDebInfo|Win32
		{E9810857-F539-3069-9EBD-12FDBF158F08}.Debug|Win32.ActiveCfg = Debug|Win32
		{E9810857-F539-3069-9EBD-12FDBF158F08}.Debug|Win32.Build.0 = Debug|Win32
		{E9810857-F539-3069-9EBD-12FDBF158F08}.RelWithDebInfo|Win32.ActiveCfg = RelWithDebInfo|Win32
		{E9810857-F539-3069-9EBD-12FDBF158F08}.RelWithDebInfo|Win32.Build.0 = RelWithDebInfo|Win32
		{45B327E0-C52A-3437-AAB9-9EA6D6FA72F4}.Debug|Win32.ActiveCfg = Debug|Win32
		{45B327E0-C52A-3437-AAB9-9EA6D6FA72F4}.Debug|Win32.Build.0 = Debug|Win32
		{45B327E0-C52A-3437-AAB9-9EA6D6FA72F4}.RelWithDebInfo|Win32.ActiveCfg = RelWithDebInfo|Win32
		{45B327E0-C52A-3437-AAB9-9EA6D6FA72F4}.RelWithDebInfo|Win32.Build.0 = RelWithDebInfo|Win32
		{BA51158F-7A5B-3CA7-BF6D-2216928C696D}.Debug|Win32.ActiveCfg = Debug|Win32
		{BA51158F-7A5B-3CA7-BF6D-2216928C696D}.Debug|Win32.Build.0 = Debug|Win32
		{BA51158F-7A5B-3CA7-BF6D-2216928C696D}.RelWithDebInfo|Win32.ActiveCfg = RelWithDebInfo|Win32
		{BA51158F-7A5B-3CA7-BF6D-2216928C696D}.RelWithDebInfo|Win32.Build.0 = RelWithDebInfo|Win32
		{39C14EE6-45AC-3955-AB5C-FFF77039F4A7}.Debug|Win32.ActiveCfg = Debug|Win32
		{39C14EE6-45AC-3955-AB5C-FFF77039F4A7}.Debug|Win32.Build.0 = Debug|Win32
		{39C14EE6-45AC-3955-AB5C-FFF77039F4A7}.RelWithDebInfo|Win32.ActiveCfg = RelWithDebInfo|Win32
		{39C14EE6-45AC-3955-AB5C-FFF77039F4A7}.RelWithDebInfo|Win32.Build.0 = RelWithDebInfo|Win32
		{0F9F58D4-3CAF-3655-87A4-14691B6117CB}.Debug|Win32.ActiveCfg = Debug|Win32
		{0F9F58D4-3CAF-3655-87A4-14691B6117CB}.Debug|Win32.Build.0 = Debug|Win32
		{0F9F58D4-3CAF-3655-87A4-14691B6117CB}.RelWithDebInfo|Win32.ActiveCfg = RelWithDebInfo|Win32
		{0F9F58D4-3CAF-3655-87A4-14691B6117CB}.RelWithDebInfo|Win32.Build.0 = RelWithDebInfo|Win32
		{0AC491E8-A7E5-37BF-B222-1E527CE3C0B0}.Debug|Win32.ActiveCfg = Debug|Win32
		{0AC491E8-A7E5-37BF-B222-1E527CE3C0B0}.Debug|Win32.Build.0 = Debug|Win32
		{0AC491E8-A7E5-37BF-B222-1E527CE3C0B0}.RelWithDebInfo|Win32.ActiveCfg = RelWithDebInfo|Win32
		{0AC491E8-A7E5-37BF-B222-1E527CE3C0B0}.RelWithDebInfo|Win32.Build.0 = RelWithDebInfo|Win32
		{042014C9-99DC-3407-8846-089F7A9AB106}.Debug|Win32.ActiveCfg = Debug|Win32
		{042014C9-99DC-3407-8846-089F7A9AB106}.Debug|Win32.Build.0 = Debug|Win32
		{042014C9-99DC-3407-8846-089F7A9AB106}.RelWithDebInfo|Win32.ActiveCfg = RelWithDebInfo|Win32
		{042014C9-99DC-3407-8846-089F7A9AB106}.RelWithDebInfo|Win32.Build.0 = RelWithDebInfo|Win32
		{0ADC2E61-7ABD-3D04-A2E3-C6F0E9FF968F}.Debug|Win32.ActiveCfg = Debug|Win32
		{0ADC2E61-7ABD-3D04-A2E3-C6F0E9FF968F}.Debug|Win32.Build.0 = Debug|Win32
		{0ADC2E61-7ABD-3D04-A2E3-C6F0E9FF968F}.RelWithDebInfo|Win32.ActiveCfg = RelWithDebInfo|Win32
		{0ADC2E61-7ABD-3D04-A2E3-C6F0E9FF968F}.RelWithDebInfo|Win32.Build.0 = RelWithDebInfo|Win32
		{C7FDBC8A-E5A0-342A-A337-B94EDFDDD16B}.Debug|Win32.ActiveCfg = Debug|Win32
		{C7FDBC8A-E5A0-342A-A337-B94EDFDDD16B}.Debug|Win32.Build.0 = Debug|Win32
		{C7FDBC8A-E5A0-342A-A337-B94EDFDDD16B}.RelWithDebInfo|Win32.ActiveCfg = RelWithDebInfo|Win32
		{C7FDBC8A-E5A0-342A-A337-B94EDFDDD16B}.RelWithDebInfo|Win32.Build.0 = RelWithDebInfo|Win32
		{CF71FE72-8554-3090-BDE9-0563AEFB5C19}.Debug|Win32.ActiveCfg = Debug|Win32
		{CF71FE72-8554-3090-BDE9-0563AEFB5C19}.Debug|Win32.Build.0 = Debug|Win32
		{CF71FE72-8554-3090-BDE9-0563AEFB5C19}.RelWithDebInfo|Win32.ActiveCfg = RelWithDebInfo|Win32
		{CF71FE72-8554-3090-BDE9-0563AEFB5C19}.RelWithDebInfo|Win32.Build.0 = RelWithDebInfo|Win32
		{23505B9A-700C-3144-9E2B-AA3801B176DF}.Debug|Win32.ActiveCfg = Debug|Win32
		{23505B9A-700C-3144-9E2B-AA3801B176DF}.Debug|Win32.Build.0 = Debug|Win32
		{23505B9A-700C-3144-9E2B-AA3801B176DF}.RelWithDebInfo|Win32.ActiveCfg = RelWithDebInfo|Win32
		{23505B9A-700C-3144-9E2B-AA3801B176DF}.RelWithDebInfo|Win32.Build.0 = RelWithDebInfo|Win32
		{E5ABB1E3-F287-3EBF-9D50-94D8961EFB62}.Debug|Win32.ActiveCfg = Debug|Win32
		{E5ABB1E3-F287-3EBF-9D50-94D8961EFB62}.Debug|Win32.Build.0 = Debug|Win32
		{E5ABB1E3-F287-3EBF-9D50-94D8961EFB62}.RelWithDebInfo|Win32.ActiveCfg = RelWithDebInfo|Win32
		{E5ABB1E3-F287-3EBF-9D50-94D8961EFB62}.RelWithDebInfo|Win32.Build.0 = RelWithDebInfo|Win32
	EndGlobalSection
	GlobalSection(NestedProjects) = preSolution
		{4A5D0240-67B7-3D48-8580-8E5DB2FDD0CC} = {EE6E9EDF-266A-3FF5-B320-493E2B7C698F}
		{C92FF9AF-54A6-3BE9-9298-6A0F8BEE136E} = {EE6E9EDF-266A-3FF5-B320-493E2B7C698F}
		{45A87243-541D-34CF-AC9F-EC4087839E7C} = {EE6E9EDF-266A-3FF5-B320-493E2B7C698F}
		{85AC1446-5A17-3A9E-BC49-FE0A2219BAA6} = {EE6E9EDF-266A-3FF5-B320-493E2B7C698F}
		{8F07A5B9-FB81-3122-9747-5EA1410DF3FA} = {EE6E9EDF-266A-3FF5-B320-493E2B7C698F}
		{E9810857-F539-3069-9EBD-12FDBF158F08} = {EE6E9EDF-266A-3FF5-B320-493E2B7C698F}
		{45B327E0-C52A-3437-AAB9-9EA6D6FA72F4} = {EE6E9EDF-266A-3FF5-B320-493E2B7C698F}
		{BA51158F-7A5B-3CA7-BF6D-2216928C696D} = {EE6E9EDF-266A-3FF5-B320-493E2B7C698F}
		{6ADF8C3D-2E75-3604-AB5B-D0981095124E} = {D6CF66CD-759A-3B7A-AA2A-CAFAD1C9CAAA}
		{EF8DA05E-911F-3D8C-8BD2-B802AEE27239} = {D6CF66CD-759A-3B7A-AA2A-CAFAD1C9CAAA}
		{39C14EE6-45AC-3955-AB5C-FFF77039F4A7} = {DD65A105-DFA1-350F-A71C-E43109A6B7B9}
		{0F9F58D4-3CAF-3655-87A4-14691B6117CB} = {DD65A105-DFA1-350F-A71C-E43109A6B7B9}
		{0AC491E8-A7E5-37BF-B222-1E527CE3C0B0} = {DD65A105-DFA1-350F-A71C-E43109A6B7B9}
		{042014C9-99DC-3407-8846-089F7A9AB106} = {DD65A105-DFA1-350F-A71C-E43109A6B7B9}
		{0ADC2E61-7ABD-3D04-A2E3-C6F0E9FF968F} = {DD65A105-DFA1-350F-A71C-E43109A6B7B9}
		{C7FDBC8A-E5A0-342A-A337-B94EDFDDD16B} = {DD65A105-DFA1-350F-A71C-E43109A6B7B9}
		{CF71FE72-8554-3090-BDE9-0563AEFB5C19} = {DD65A105-DFA1-350F-A71C-E43109A6B7B9}
		{23505B9A-700C-3144-9E2B-AA3801B176DF} = {DD65A105-DFA1-350F-A71C-E43109A6B7B9}
		{E5ABB1E3-F287-3EBF-9D50-94D8961EFB62} = {DD65A105-DFA1-350F-A71C-E43109A6B7B9}
	EndGlobalSection
	GlobalSection(ExtensibilityGlobals) = postSolution
		SolutionGuid = {5DEDB366-8647-3915-B413-099C16253A32}
	EndGlobalSection
	GlobalSection(ExtensibilityAddIns) = postSolution
	EndGlobalSection
EndGlobal
