<?xml version="1.0" encoding="UTF-8"?>
<Project ToolsVersion="15.0" xmlns="http://schemas.microsoft.com/developer/msbuild/2003">
  <ItemGroup>
    <ClCompile Include="E:\UXRAY_exp\code\engine\xrNetServer\NET_Client.cpp">
      <Filter>Source Files</Filter>
    </ClCompile>
    <ClCompile Include="E:\UXRAY_exp\code\engine\xrNetServer\NET_Common.cpp">
      <Filter>Source Files</Filter>
    </ClCompile>
    <ClCompile Include="E:\UXRAY_exp\code\engine\xrNetServer\NET_Log.cpp">
      <Filter>Source Files</Filter>
    </ClCompile>
    <ClCompile Include="E:\UXRAY_exp\code\engine\xrNetServer\NET_Server.cpp">
      <Filter>Source Files</Filter>
    </ClCompile>
    <ClCompile Include="E:\UXRAY_exp\code\engine\xrNetServer\stdafx.cpp">
      <Filter>Source Files</Filter>
    </ClCompile>
  </ItemGroup>
  <ItemGroup>
    <ClInclude Include="E:\UXRAY_exp\code\engine\xrNetServer\NET_Client.h">
      <Filter>Header Files</Filter>
    </ClInclude>
    <ClInclude Include="E:\UXRAY_exp\code\engine\xrNetServer\NET_Common.h">
      <Filter>Header Files</Filter>
    </ClInclude>
    <ClInclude Include="E:\UXRAY_exp\code\engine\xrNetServer\NET_Log.h">
      <Filter>Header Files</Filter>
    </ClInclude>
    <ClInclude Include="E:\UXRAY_exp\code\engine\xrNetServer\NET_Messages.h">
      <Filter>Header Files</Filter>
    </ClInclude>
    <ClInclude Include="E:\UXRAY_exp\code\engine\xrNetServer\NET_PlayersMonitor.h">
      <Filter>Header Files</Filter>
    </ClInclude>
    <ClInclude Include="E:\UXRAY_exp\code\engine\xrNetServer\NET_Server.h">
      <Filter>Header Files</Filter>
    </ClInclude>
    <ClInclude Include="E:\UXRAY_exp\code\engine\xrNetServer\NET_Shared.h">
      <Filter>Header Files</Filter>
    </ClInclude>
    <ClInclude Include="E:\UXRAY_exp\code\engine\xrNetServer\stdafx.h">
      <Filter>Header Files</Filter>
    </ClInclude>
  </ItemGroup>
  <ItemGroup>
    <CustomBuild Include="E:\UXRAY_exp\code\engine\xrNetServer\CMakeLists.txt" />
  </ItemGroup>
  <ItemGroup>
    <Filter Include="Source Files">
      <UniqueIdentifier>{4D498D7F-15FA-36A7-A01F-DBD9D90B04E2}</UniqueIdentifier>
    </Filter>
    <Filter Include="Header Files">
      <UniqueIdentifier>{A3F09EEB-070A-3986-BCF9-E4679E3341E7}</UniqueIdentifier>
    </Filter>
  </ItemGroup>
</Project>
